
Microsoft Visual Studio Solution File, Format Version 12.00
# Visual Studio Version 17
VisualStudioVersion = 17.4.33213.308
MinimumVisualStudioVersion = 10.0.40219.1
Project("{FAE04EC0-301F-11D3-BF4B-00C04F79EFBC}") = "AspNetCore.Authentication.Basic", "src\AspNetCore.Authentication.Basic\AspNetCore.Authentication.Basic.csproj", "{95BC1F1E-04C9-4BF4-8A70-2A4A6786E16F}"
EndProject
Global
	GlobalSection(SolutionConfigurationPlatforms) = preSolution
		Debug|Any CPU = Debug|Any CPU
		Release|Any CPU = Release|Any CPU
	EndGlobalSection
	GlobalSection(ProjectConfigurationPlatforms) = postSolution
		{95BC1F1E-04C9-4BF4-8A70-2A4A6786E16F}.Debug|Any CPU.ActiveCfg = Debug|Any CPU
		{95BC1F1E-04C9-4BF4-8A70-2A4A6786E16F}.Debug|Any CPU.Build.0 = Debug|Any CPU
		{95BC1F1E-04C9-4BF4-8A70-2A4A6786E16F}.Release|Any CPU.ActiveCfg = Release|Any CPU
		{95BC1F1E-04C9-4BF4-8A70-2A4A6786E16F}.Release|Any CPU.Build.0 = Release|Any CPU
	EndGlobalSection
	GlobalSection(SolutionProperties) = preSolution
		HideSolutionNode = FALSE
	EndGlobalSection
	GlobalSection(ExtensibilityGlobals) = postSolution
		SolutionGuid = {574BC31B-E550-4A9E-85E8-83DD7606A62B}
	EndGlobalSection
EndGlobal
